
Microsoft Visual Studio Solution File, Format Version 12.00
# Visual Studio 15
VisualStudioVersion = 15.0.27130.2036
MinimumVisualStudioVersion = 10.0.40219.1
Project("{9A19103F-16F7-4668-BE54-9A1E7A4F7556}") = "EveHQ.NG.WebApi", "EveHQ.NG.WebApi\EveHQ.NG.WebApi.csproj", "{BA4B8413-DA75-4FF0-8B65-6ED1FFD3C7B3}"
EndProject
Project("{2150E333-8FDC-42A3-9474-1A3956D46DE8}") = "support", "support", "{836E5D43-2293-492C-B0CD-E59C125B0C04}"
	ProjectSection(SolutionItems) = preProject
		..\.gitignore = ..\.gitignore
		Directory.Build.props = Directory.Build.props
		..\LICENSE.md = ..\LICENSE.md
		..\README.md = ..\README.md
	EndProjectSection
EndProject
Project("{9A19103F-16F7-4668-BE54-9A1E7A4F7556}") = "EveHQ.NG.Domain.Core", "EveHQ.NG.Domain.Core\EveHQ.NG.Domain.Core.csproj", "{01BEE64A-ACBF-47A3-89CA-D1012DDECE12}"
EndProject
Project("{9A19103F-16F7-4668-BE54-9A1E7A4F7556}") = "EveHQ.NG.WebServices.Ccp", "EveHQ.NG.WebServices.Ccp\EveHQ.NG.WebServices.Ccp.csproj", "{1680E153-4440-4E2E-BBFA-FA85E2496CE8}"
EndProject
Project("{9A19103F-16F7-4668-BE54-9A1E7A4F7556}") = "EveHQ.NG.Infrastructure", "EveHQ.NG.Infrastructure\EveHQ.NG.Infrastructure.csproj", "{36827D6A-75C3-48A2-A7D0-168E87B9C310}"
EndProject
Project("{FAE04EC0-301F-11D3-BF4B-00C04F79EFBC}") = "EveHQ.NG.Storage.Sqlite", "EveHQ.NG.Storage.Sqlite\EveHQ.NG.Storage.Sqlite.csproj", "{CF72DBF1-628B-4649-B8B1-5AA5BCE8D432}"
EndProject
Global
	GlobalSection(SolutionConfigurationPlatforms) = preSolution
		Debug|Any CPU = Debug|Any CPU
		Release|Any CPU = Release|Any CPU
	EndGlobalSection
	GlobalSection(ProjectConfigurationPlatforms) = postSolution
		{BA4B8413-DA75-4FF0-8B65-6ED1FFD3C7B3}.Debug|Any CPU.ActiveCfg = Debug|Any CPU
		{BA4B8413-DA75-4FF0-8B65-6ED1FFD3C7B3}.Debug|Any CPU.Build.0 = Debug|Any CPU
		{BA4B8413-DA75-4FF0-8B65-6ED1FFD3C7B3}.Release|Any CPU.ActiveCfg = Release|Any CPU
		{BA4B8413-DA75-4FF0-8B65-6ED1FFD3C7B3}.Release|Any CPU.Build.0 = Release|Any CPU
		{01BEE64A-ACBF-47A3-89CA-D1012DDECE12}.Debug|Any CPU.ActiveCfg = Debug|Any CPU
		{01BEE64A-ACBF-47A3-89CA-D1012DDECE12}.Debug|Any CPU.Build.0 = Debug|Any CPU
		{01BEE64A-ACBF-47A3-89CA-D1012DDECE12}.Release|Any CPU.ActiveCfg = Release|Any CPU
		{01BEE64A-ACBF-47A3-89CA-D1012DDECE12}.Release|Any CPU.Build.0 = Release|Any CPU
		{1680E153-4440-4E2E-BBFA-FA85E2496CE8}.Debug|Any CPU.ActiveCfg = Debug|Any CPU
		{1680E153-4440-4E2E-BBFA-FA85E2496CE8}.Debug|Any CPU.Build.0 = Debug|Any CPU
		{1680E153-4440-4E2E-BBFA-FA85E2496CE8}.Release|Any CPU.ActiveCfg = Release|Any CPU
		{1680E153-4440-4E2E-BBFA-FA85E2496CE8}.Release|Any CPU.Build.0 = Release|Any CPU
		{36827D6A-75C3-48A2-A7D0-168E87B9C310}.Debug|Any CPU.ActiveCfg = Debug|Any CPU
		{36827D6A-75C3-48A2-A7D0-168E87B9C310}.Debug|Any CPU.Build.0 = Debug|Any CPU
		{36827D6A-75C3-48A2-A7D0-168E87B9C310}.Release|Any CPU.ActiveCfg = Release|Any CPU
		{36827D6A-75C3-48A2-A7D0-168E87B9C310}.Release|Any CPU.Build.0 = Release|Any CPU
		{CF72DBF1-628B-4649-B8B1-5AA5BCE8D432}.Debug|Any CPU.ActiveCfg = Debug|Any CPU
		{CF72DBF1-628B-4649-B8B1-5AA5BCE8D432}.Debug|Any CPU.Build.0 = Debug|Any CPU
		{CF72DBF1-628B-4649-B8B1-5AA5BCE8D432}.Release|Any CPU.ActiveCfg = Release|Any CPU
		{CF72DBF1-628B-4649-B8B1-5AA5BCE8D432}.Release|Any CPU.Build.0 = Release|Any CPU
	EndGlobalSection
	GlobalSection(SolutionProperties) = preSolution
		HideSolutionNode = FALSE
	EndGlobalSection
	GlobalSection(ExtensibilityGlobals) = postSolution
		SolutionGuid = {7E879DD0-F71E-4407-9DEE-5FDE9D89E63C}
	EndGlobalSection
EndGlobal
